{
  "name": "userstyles-master",
  "lockfileVersion": 2,
  "requires": true,
  "packages": {
    "": {
      "devDependencies": {
        "csslint": "1.0.5"
      }
    },
    "node_modules/clone": {
      "version": "2.1.2",
      "resolved": "https://registry.npmjs.org/clone/-/clone-2.1.2.tgz",
      "integrity": "sha512-3Pe/CF1Nn94hyhIYpjtiLhdCoEoz0DqQ+988E9gmeEdQZlojxnOb74wctFyuwWQHzqyf9X7C7MG8juUpqBJT8w==",
      "dev": true,
      "engines": {
        "node": ">=0.8"
      }
    },
    "node_modules/csslint": {
      "version": "1.0.5",
      "resolved": "https://registry.npmjs.org/csslint/-/csslint-1.0.5.tgz",
      "integrity": "sha512-GXGpPqGIuEBKesM4bt2IKFrzDKpemh9wVZRHVuculUErar554QrXHOonhgkBOP3uiZzbAETz0N2A4oWlIoxPuw==",
      "dev": true,
      "dependencies": {
        "clone": "~2.1.0",
        "parserlib": "~1.1.1"
      },
      "bin": {
        "csslint": "dist/cli.js"
      },
      "engines": {
        "node": ">=0.10.0"
      }
    },
    "node_modules/parserlib": {
      "version": "1.1.1",
      "resolved": "https://registry.npmjs.org/parserlib/-/parserlib-1.1.1.tgz",
      "integrity": "sha512-e1HbF3+7ASJ/uOZirg5/8ZfPljTh100auNterbHB8TUs5egciuWQ2eX/2al8ko0RdV9Xh/5jDei3jqJAmbTDcg==",
      "dev": true
    }
  },
  "dependencies": {
    "clone": {
      "version": "2.1.2",
      "resolved": "https://registry.npmjs.org/clone/-/clone-2.1.2.tgz",
      "integrity": "sha512-3Pe/CF1Nn94hyhIYpjtiLhdCoEoz0DqQ+988E9gmeEdQZlojxnOb74wctFyuwWQHzqyf9X7C7MG8juUpqBJT8w==",
      "dev": true
    },
    "csslint": {
      "version": "1.0.5",
      "resolved": "https://registry.npmjs.org/csslint/-/csslint-1.0.5.tgz",
      "integrity": "sha512-GXGpPqGIuEBKesM4bt2IKFrzDKpemh9wVZRHVuculUErar554QrXHOonhgkBOP3uiZzbAETz0N2A4oWlIoxPuw==",
      "dev": true,
      "requires": {
        "clone": "~2.1.0",
        "parserlib": "~1.1.1"
      }
    },
    "parserlib": {
      "version": "1.1.1",
      "resolved": "https://registry.npmjs.org/parserlib/-/parserlib-1.1.1.tgz",
      "integrity": "sha512-e1HbF3+7ASJ/uOZirg5/8ZfPljTh100auNterbHB8TUs5egciuWQ2eX/2al8ko0RdV9Xh/5jDei3jqJAmbTDcg==",
      "dev": true
    }
  }
}
